
Microsoft Visual Studio Solution File, Format Version 12.00
# Visual Studio Version 17
VisualStudioVersion = 17.1.32407.343
MinimumVisualStudioVersion = 10.0.40219.1
Project("{2150E333-8FDC-42A3-9474-1A3956D46DE8}") = "FrontEnd", "FrontEnd", "{58E16242-16E1-482D-A7BB-01F23446A737}"
EndProject
Project("{9A19103F-16F7-4668-BE54-9A1E7A4F7556}") = "Mango.Web", "Mango.Web\Mango.Web.csproj", "{72A144D6-4296-45AA-A8CD-27A1D1161BCD}"
EndProject
Project("{2150E333-8FDC-42A3-9474-1A3956D46DE8}") = "Services", "Services", "{7272B194-25F6-4355-B25A-C221EBFFE6A6}"
EndProject
Project("{9A19103F-16F7-4668-BE54-9A1E7A4F7556}") = "Mango.Services.ProductAPI", "Mango.Services.ProductAPI\Mango.Services.ProductAPI.csproj", "{A03D41F4-698C-45B4-9782-8E0EE4E12FAC}"
EndProject
Project("{9A19103F-16F7-4668-BE54-9A1E7A4F7556}") = "Mango.Services.Identity", "Mango.Services.Identity\Mango.Services.Identity.csproj", "{442A0C3C-31BF-4804-865C-2666111379F2}"
EndProject
Project("{9A19103F-16F7-4668-BE54-9A1E7A4F7556}") = "Mango.Services.ShoppingCartAPI", "Mango.Services.ShoppingCartAPI\Mango.Services.ShoppingCartAPI.csproj", "{53D01AFB-68D8-4E20-93A9-4EB6A9E61FFF}"
EndProject
Project("{9A19103F-16F7-4668-BE54-9A1E7A4F7556}") = "Mango.Services.CouponAPI", "Mango.Services.CouponAPI\Mango.Services.CouponAPI.csproj", "{B18A7625-62B9-480D-945C-6E219E2E1EDA}"
EndProject
Project("{2150E333-8FDC-42A3-9474-1A3956D46DE8}") = "Integration", "Integration", "{5FF81BFA-C003-44C1-B96A-FD97D3AD151B}"
EndProject
Project("{9A19103F-16F7-4668-BE54-9A1E7A4F7556}") = "Mango.MessageBus", "Mango.MessageBus\Mango.MessageBus.csproj", "{F7DBECD4-22F9-46D1-9526-7E74AF1A8BC6}"
EndProject
Project("{9A19103F-16F7-4668-BE54-9A1E7A4F7556}") = "Mango.Services.OrderAPI", "Mango.Services.OrderAPI\Mango.Services.OrderAPI.csproj", "{2E07A5A6-1AD0-4FEA-AC4D-31F8257ECF08}"
EndProject
Project("{2150E333-8FDC-42A3-9474-1A3956D46DE8}") = "Payments", "Payments", "{1080A550-601D-49C7-BB43-5315845D265B}"
EndProject
Project("{FAE04EC0-301F-11D3-BF4B-00C04F79EFBC}") = "PaymentProcessor", "PaymentProcessor\PaymentProcessor.csproj", "{32247E3E-58B1-4221-B0A8-52A4CE865EB6}"
EndProject
Project("{FAE04EC0-301F-11D3-BF4B-00C04F79EFBC}") = "Mango.Services.PaymentAPI", "Mango.Services.PaymentAPI\Mango.Services.PaymentAPI.csproj", "{7FA28226-11BD-4CEE-83C9-F043FA93B94A}"
EndProject
Project("{2150E333-8FDC-42A3-9474-1A3956D46DE8}") = "Gateway", "Gateway", "{413BBA07-6D59-49B0-B6CF-32F6D36DB66A}"
EndProject
Project("{FAE04EC0-301F-11D3-BF4B-00C04F79EFBC}") = "Mango.GatewaySolution", "Mango.GatewaySolution\Mango.GatewaySolution.csproj", "{D6E316CB-4083-4257-8189-65A98FA21C6C}"
EndProject
Global
	GlobalSection(SolutionConfigurationPlatforms) = preSolution
		Debug|Any CPU = Debug|Any CPU
		Release|Any CPU = Release|Any CPU
	EndGlobalSection
	GlobalSection(ProjectConfigurationPlatforms) = postSolution
		{72A144D6-4296-45AA-A8CD-27A1D1161BCD}.Debug|Any CPU.ActiveCfg = Debug|Any CPU
		{72A144D6-4296-45AA-A8CD-27A1D1161BCD}.Debug|Any CPU.Build.0 = Debug|Any CPU
		{72A144D6-4296-45AA-A8CD-27A1D1161BCD}.Release|Any CPU.ActiveCfg = Release|Any CPU
		{72A144D6-4296-45AA-A8CD-27A1D1161BCD}.Release|Any CPU.Build.0 = Release|Any CPU
		{A03D41F4-698C-45B4-9782-8E0EE4E12FAC}.Debug|Any CPU.ActiveCfg = Debug|Any CPU
		{A03D41F4-698C-45B4-9782-8E0EE4E12FAC}.Debug|Any CPU.Build.0 = Debug|Any CPU
		{A03D41F4-698C-45B4-9782-8E0EE4E12FAC}.Release|Any CPU.ActiveCfg = Release|Any CPU
		{A03D41F4-698C-45B4-9782-8E0EE4E12FAC}.Release|Any CPU.Build.0 = Release|Any CPU
		{442A0C3C-31BF-4804-865C-2666111379F2}.Debug|Any CPU.ActiveCfg = Debug|Any CPU
		{442A0C3C-31BF-4804-865C-2666111379F2}.Debug|Any CPU.Build.0 = Debug|Any CPU
		{442A0C3C-31BF-4804-865C-2666111379F2}.Release|Any CPU.ActiveCfg = Release|Any CPU
		{442A0C3C-31BF-4804-865C-2666111379F2}.Release|Any CPU.Build.0 = Release|Any CPU
		{53D01AFB-68D8-4E20-93A9-4EB6A9E61FFF}.Debug|Any CPU.ActiveCfg = Debug|Any CPU
		{53D01AFB-68D8-4E20-93A9-4EB6A9E61FFF}.Debug|Any CPU.Build.0 = Debug|Any CPU
		{53D01AFB-68D8-4E20-93A9-4EB6A9E61FFF}.Release|Any CPU.ActiveCfg = Release|Any CPU
		{53D01AFB-68D8-4E20-93A9-4EB6A9E61FFF}.Release|Any CPU.Build.0 = Release|Any CPU
		{B18A7625-62B9-480D-945C-6E219E2E1EDA}.Debug|Any CPU.ActiveCfg = Debug|Any CPU
		{B18A7625-62B9-480D-945C-6E219E2E1EDA}.Debug|Any CPU.Build.0 = Debug|Any CPU
		{B18A7625-62B9-480D-945C-6E219E2E1EDA}.Release|Any CPU.ActiveCfg = Release|Any CPU
		{B18A7625-62B9-480D-945C-6E219E2E1EDA}.Release|Any CPU.Build.0 = Release|Any CPU
		{F7DBECD4-22F9-46D1-9526-7E74AF1A8BC6}.Debug|Any CPU.ActiveCfg = Debug|Any CPU
		{F7DBECD4-22F9-46D1-9526-7E74AF1A8BC6}.Debug|Any CPU.Build.0 = Debug|Any CPU
		{F7DBECD4-22F9-46D1-9526-7E74AF1A8BC6}.Release|Any CPU.ActiveCfg = Release|Any CPU
		{F7DBECD4-22F9-46D1-9526-7E74AF1A8BC6}.Release|Any CPU.Build.0 = Release|Any CPU
		{2E07A5A6-1AD0-4FEA-AC4D-31F8257ECF08}.Debug|Any CPU.ActiveCfg = Debug|Any CPU
		{2E07A5A6-1AD0-4FEA-AC4D-31F8257ECF08}.Debug|Any CPU.Build.0 = Debug|Any CPU
		{2E07A5A6-1AD0-4FEA-AC4D-31F8257ECF08}.Release|Any CPU.ActiveCfg = Release|Any CPU
		{2E07A5A6-1AD0-4FEA-AC4D-31F8257ECF08}.Release|Any CPU.Build.0 = Release|Any CPU
		{32247E3E-58B1-4221-B0A8-52A4CE865EB6}.Debug|Any CPU.ActiveCfg = Debug|Any CPU
		{32247E3E-58B1-4221-B0A8-52A4CE865EB6}.Debug|Any CPU.Build.0 = Debug|Any CPU
		{32247E3E-58B1-4221-B0A8-52A4CE865EB6}.Release|Any CPU.ActiveCfg = Release|Any CPU
		{32247E3E-58B1-4221-B0A8-52A4CE865EB6}.Release|Any CPU.Build.0 = Release|Any CPU
		{7FA28226-11BD-4CEE-83C9-F043FA93B94A}.Debug|Any CPU.ActiveCfg = Debug|Any CPU
		{7FA28226-11BD-4CEE-83C9-F043FA93B94A}.Debug|Any CPU.Build.0 = Debug|Any CPU
		{7FA28226-11BD-4CEE-83C9-F043FA93B94A}.Release|Any CPU.ActiveCfg = Release|Any CPU
		{7FA28226-11BD-4CEE-83C9-F043FA93B94A}.Release|Any CPU.Build.0 = Release|Any CPU
		{D6E316CB-4083-4257-8189-65A98FA21C6C}.Debug|Any CPU.ActiveCfg = Debug|Any CPU
		{D6E316CB-4083-4257-8189-65A98FA21C6C}.Debug|Any CPU.Build.0 = Debug|Any CPU
		{D6E316CB-4083-4257-8189-65A98FA21C6C}.Release|Any CPU.ActiveCfg = Release|Any CPU
		{D6E316CB-4083-4257-8189-65A98FA21C6C}.Release|Any CPU.Build.0 = Release|Any CPU
	EndGlobalSection
	GlobalSection(SolutionProperties) = preSolution
		HideSolutionNode = FALSE
	EndGlobalSection
	GlobalSection(NestedProjects) = preSolution
		{72A144D6-4296-45AA-A8CD-27A1D1161BCD} = {58E16242-16E1-482D-A7BB-01F23446A737}
		{A03D41F4-698C-45B4-9782-8E0EE4E12FAC} = {7272B194-25F6-4355-B25A-C221EBFFE6A6}
		{442A0C3C-31BF-4804-865C-2666111379F2} = {7272B194-25F6-4355-B25A-C221EBFFE6A6}
		{53D01AFB-68D8-4E20-93A9-4EB6A9E61FFF} = {7272B194-25F6-4355-B25A-C221EBFFE6A6}
		{B18A7625-62B9-480D-945C-6E219E2E1EDA} = {7272B194-25F6-4355-B25A-C221EBFFE6A6}
		{F7DBECD4-22F9-46D1-9526-7E74AF1A8BC6} = {5FF81BFA-C003-44C1-B96A-FD97D3AD151B}
		{2E07A5A6-1AD0-4FEA-AC4D-31F8257ECF08} = {7272B194-25F6-4355-B25A-C221EBFFE6A6}
		{32247E3E-58B1-4221-B0A8-52A4CE865EB6} = {1080A550-601D-49C7-BB43-5315845D265B}
		{7FA28226-11BD-4CEE-83C9-F043FA93B94A} = {7272B194-25F6-4355-B25A-C221EBFFE6A6}
		{D6E316CB-4083-4257-8189-65A98FA21C6C} = {413BBA07-6D59-49B0-B6CF-32F6D36DB66A}
	EndGlobalSection
	GlobalSection(ExtensibilityGlobals) = postSolution
		SolutionGuid = {3429129C-7A11-4E20-A7C6-8EAC9081A487}
	EndGlobalSection
EndGlobal
